
Microsoft Visual Studio Solution File, Format Version 12.00
# Visual Studio Version 17
VisualStudioVersion = 17.1.32407.343
MinimumVisualStudioVersion = 10.0.40219.1
Project("{9A19103F-16F7-4668-BE54-9A1E7A4F7556}") = "TextFilterApplierConsoleApp", "TextFilterApplierConsoleApp\TextFilterApplierConsoleApp.csproj", "{9959FBDD-C1AF-4D42-9153-86EAACD0F383}"
EndProject
Project("{FAE04EC0-301F-11D3-BF4B-00C04F79EFBC}") = "TextFilterApplierFilterProvider", "TestFilterApplierFilterProvider\TextFilterApplierFilterProvider.csproj", "{9FD9B687-2904-42EA-85DB-2A5419D1028A}"
EndProject
Project("{2150E333-8FDC-42A3-9474-1A3956D46DE8}") = "Tests", "Tests", "{B2352453-D5B8-426B-A66C-F52F6108F5B6}"
EndProject
Project("{FAE04EC0-301F-11D3-BF4B-00C04F79EFBC}") = "TextFilterApplierFilterProviderUnitTests", "Tests\TextFilterApplierFilterProviderUnitTests\TextFilterApplierFilterProviderUnitTests.csproj", "{2DF18B21-01A3-4520-8F30-BB84DBC36397}"
EndProject
Project("{9A19103F-16F7-4668-BE54-9A1E7A4F7556}") = "TextFilterApplierUnitTests", "Tests\TextFilterApplierUnitTests\TextFilterApplierUnitTests.csproj", "{B5114A8A-6F69-432A-B94C-2409A768D270}"
EndProject
Project("{9A19103F-16F7-4668-BE54-9A1E7A4F7556}") = "TextFilterApplierIntegrationTests", "Tests\TextFilterApplierIntegrationTests\TextFilterApplierIntegrationTests.csproj", "{9B92301C-3DC6-43B4-A79B-1D694263BF27}"
EndProject
Global
	GlobalSection(SolutionConfigurationPlatforms) = preSolution
		Debug|Any CPU = Debug|Any CPU
		Release|Any CPU = Release|Any CPU
	EndGlobalSection
	GlobalSection(ProjectConfigurationPlatforms) = postSolution
		{9959FBDD-C1AF-4D42-9153-86EAACD0F383}.Debug|Any CPU.ActiveCfg = Debug|Any CPU
		{9959FBDD-C1AF-4D42-9153-86EAACD0F383}.Debug|Any CPU.Build.0 = Debug|Any CPU
		{9959FBDD-C1AF-4D42-9153-86EAACD0F383}.Release|Any CPU.ActiveCfg = Release|Any CPU
		{9959FBDD-C1AF-4D42-9153-86EAACD0F383}.Release|Any CPU.Build.0 = Release|Any CPU
		{9FD9B687-2904-42EA-85DB-2A5419D1028A}.Debug|Any CPU.ActiveCfg = Debug|Any CPU
		{9FD9B687-2904-42EA-85DB-2A5419D1028A}.Debug|Any CPU.Build.0 = Debug|Any CPU
		{9FD9B687-2904-42EA-85DB-2A5419D1028A}.Release|Any CPU.ActiveCfg = Release|Any CPU
		{9FD9B687-2904-42EA-85DB-2A5419D1028A}.Release|Any CPU.Build.0 = Release|Any CPU
		{2DF18B21-01A3-4520-8F30-BB84DBC36397}.Debug|Any CPU.ActiveCfg = Debug|Any CPU
		{2DF18B21-01A3-4520-8F30-BB84DBC36397}.Debug|Any CPU.Build.0 = Debug|Any CPU
		{2DF18B21-01A3-4520-8F30-BB84DBC36397}.Release|Any CPU.ActiveCfg = Release|Any CPU
		{2DF18B21-01A3-4520-8F30-BB84DBC36397}.Release|Any CPU.Build.0 = Release|Any CPU
		{B5114A8A-6F69-432A-B94C-2409A768D270}.Debug|Any CPU.ActiveCfg = Debug|Any CPU
		{B5114A8A-6F69-432A-B94C-2409A768D270}.Debug|Any CPU.Build.0 = Debug|Any CPU
		{B5114A8A-6F69-432A-B94C-2409A768D270}.Release|Any CPU.ActiveCfg = Release|Any CPU
		{B5114A8A-6F69-432A-B94C-2409A768D270}.Release|Any CPU.Build.0 = Release|Any CPU
		{9B92301C-3DC6-43B4-A79B-1D694263BF27}.Debug|Any CPU.ActiveCfg = Debug|Any CPU
		{9B92301C-3DC6-43B4-A79B-1D694263BF27}.Debug|Any CPU.Build.0 = Debug|Any CPU
		{9B92301C-3DC6-43B4-A79B-1D694263BF27}.Release|Any CPU.ActiveCfg = Release|Any CPU
		{9B92301C-3DC6-43B4-A79B-1D694263BF27}.Release|Any CPU.Build.0 = Release|Any CPU
	EndGlobalSection
	GlobalSection(SolutionProperties) = preSolution
		HideSolutionNode = FALSE
	EndGlobalSection
	GlobalSection(NestedProjects) = preSolution
		{2DF18B21-01A3-4520-8F30-BB84DBC36397} = {B2352453-D5B8-426B-A66C-F52F6108F5B6}
		{B5114A8A-6F69-432A-B94C-2409A768D270} = {B2352453-D5B8-426B-A66C-F52F6108F5B6}
		{9B92301C-3DC6-43B4-A79B-1D694263BF27} = {B2352453-D5B8-426B-A66C-F52F6108F5B6}
	EndGlobalSection
	GlobalSection(ExtensibilityGlobals) = postSolution
		SolutionGuid = {26A12122-A208-410F-AD98-F07B55363ADD}
	EndGlobalSection
EndGlobal
